
Microsoft Visual Studio Solution File, Format Version 12.00
# Visual Studio 15
VisualStudioVersion = 15.0.27004.2002
MinimumVisualStudioVersion = 10.0.40219.1
Project("{FAE04EC0-301F-11D3-BF4B-00C04F79EFBC}") = "SSO", "SSO\SSO.csproj", "{F124D77C-7CA9-49F6-B57A-2274670F1DF2}"
EndProject
Global
	GlobalSection(SolutionConfigurationPlatforms) = preSolution
		Debug|Any CPU = Debug|Any CPU
		Release|Any CPU = Release|Any CPU
	EndGlobalSection
	GlobalSection(ProjectConfigurationPlatforms) = postSolution
		{F124D77C-7CA9-49F6-B57A-2274670F1DF2}.Debug|Any CPU.ActiveCfg = Debug|Any CPU
		{F124D77C-7CA9-49F6-B57A-2274670F1DF2}.Debug|Any CPU.Build.0 = Debug|Any CPU
		{F124D77C-7CA9-49F6-B57A-2274670F1DF2}.Release|Any CPU.ActiveCfg = Release|Any CPU
		{F124D77C-7CA9-49F6-B57A-2274670F1DF2}.Release|Any CPU.Build.0 = Release|Any CPU
	EndGlobalSection
	GlobalSection(SolutionProperties) = preSolution
		HideSolutionNode = FALSE
	EndGlobalSection
	GlobalSection(ExtensibilityGlobals) = postSolution
		SolutionGuid = {0F8F98E0-EA3B-4CA4-97EC-AE6D1D97FAC2}
	EndGlobalSection
EndGlobal
